
Microsoft Visual Studio Solution File, Format Version 12.00
# Visual Studio 15
VisualStudioVersion = 15.0.27130.2027
MinimumVisualStudioVersion = 10.0.40219.1
Project("{9A19103F-16F7-4668-BE54-9A1E7A4F7556}") = "IdentityServerWithAspIdAndEF", "IdentityServerWithAspIdAndEF\IdentityServerWithAspIdAndEF.csproj", "{10998220-E36D-4363-9CBB-B41CCC47E6A5}"
EndProject
Global
	GlobalSection(SolutionConfigurationPlatforms) = preSolution
		Debug|Any CPU = Debug|Any CPU
		Release|Any CPU = Release|Any CPU
	EndGlobalSection
	GlobalSection(ProjectConfigurationPlatforms) = postSolution
		{10998220-E36D-4363-9CBB-B41CCC47E6A5}.Debug|Any CPU.ActiveCfg = Debug|Any CPU
		{10998220-E36D-4363-9CBB-B41CCC47E6A5}.Debug|Any CPU.Build.0 = Debug|Any CPU
		{10998220-E36D-4363-9CBB-B41CCC47E6A5}.Release|Any CPU.ActiveCfg = Release|Any CPU
		{10998220-E36D-4363-9CBB-B41CCC47E6A5}.Release|Any CPU.Build.0 = Release|Any CPU
	EndGlobalSection
	GlobalSection(SolutionProperties) = preSolution
		HideSolutionNode = FALSE
	EndGlobalSection
	GlobalSection(ExtensibilityGlobals) = postSolution
		SolutionGuid = {09B529D5-437B-4FB2-B6F8-ED25643983A5}
	EndGlobalSection
EndGlobal
