
Microsoft Visual Studio Solution File, Format Version 12.00
# Visual Studio 15
VisualStudioVersion = 15.0.27130.2027
MinimumVisualStudioVersion = 10.0.40219.1
Project("{FAE04EC0-301F-11D3-BF4B-00C04F79EFBC}") = "MarketPlaceService", "MarketPlaceService\MarketPlaceService.csproj", "{E28E8184-3ECD-4069-86EB-55C008D0B756}"
EndProject
Global
	GlobalSection(SolutionConfigurationPlatforms) = preSolution
		Debug|Any CPU = Debug|Any CPU
		Release|Any CPU = Release|Any CPU
	EndGlobalSection
	GlobalSection(ProjectConfigurationPlatforms) = postSolution
		{E28E8184-3ECD-4069-86EB-55C008D0B756}.Debug|Any CPU.ActiveCfg = Debug|Any CPU
		{E28E8184-3ECD-4069-86EB-55C008D0B756}.Debug|Any CPU.Build.0 = Debug|Any CPU
		{E28E8184-3ECD-4069-86EB-55C008D0B756}.Release|Any CPU.ActiveCfg = Release|Any CPU
		{E28E8184-3ECD-4069-86EB-55C008D0B756}.Release|Any CPU.Build.0 = Release|Any CPU
	EndGlobalSection
	GlobalSection(SolutionProperties) = preSolution
		HideSolutionNode = FALSE
	EndGlobalSection
	GlobalSection(ExtensibilityGlobals) = postSolution
		SolutionGuid = {23A34F1A-3A37-4319-A8BC-8523675CE176}
	EndGlobalSection
EndGlobal
